
Microsoft Visual Studio Solution File, Format Version 12.00
# Visual Studio Version 16
VisualStudioVersion = 16.0.29411.108
MinimumVisualStudioVersion = 10.0.40219.1
Project("{9A19103F-16F7-4668-BE54-9A1E7A4F7556}") = "ServiceBusPractice", "ServiceBusPractice\ServiceBusPractice.csproj", "{E5E78CBA-03A6-4161-BC3B-CEFA7D9D8181}"
EndProject
Project("{FAE04EC0-301F-11D3-BF4B-00C04F79EFBC}") = "SurviceBusPublisher", "SurviceBusPublisher\SurviceBusPublisher.csproj", "{73F2161E-4826-4AB2-B36A-B6D59BBF0B07}"
EndProject
Project("{FAE04EC0-301F-11D3-BF4B-00C04F79EFBC}") = "SurviceBusSubscriber", "SurviceBusSubscriber\SurviceBusSubscriber.csproj", "{FA0BA2D7-1BF3-423B-8941-1C3E55FCE57E}"
EndProject
Global
	GlobalSection(SolutionConfigurationPlatforms) = preSolution
		Debug|Any CPU = Debug|Any CPU
		Release|Any CPU = Release|Any CPU
	EndGlobalSection
	GlobalSection(ProjectConfigurationPlatforms) = postSolution
		{E5E78CBA-03A6-4161-BC3B-CEFA7D9D8181}.Debug|Any CPU.ActiveCfg = Debug|Any CPU
		{E5E78CBA-03A6-4161-BC3B-CEFA7D9D8181}.Debug|Any CPU.Build.0 = Debug|Any CPU
		{E5E78CBA-03A6-4161-BC3B-CEFA7D9D8181}.Release|Any CPU.ActiveCfg = Release|Any CPU
		{E5E78CBA-03A6-4161-BC3B-CEFA7D9D8181}.Release|Any CPU.Build.0 = Release|Any CPU
		{73F2161E-4826-4AB2-B36A-B6D59BBF0B07}.Debug|Any CPU.ActiveCfg = Debug|Any CPU
		{73F2161E-4826-4AB2-B36A-B6D59BBF0B07}.Debug|Any CPU.Build.0 = Debug|Any CPU
		{73F2161E-4826-4AB2-B36A-B6D59BBF0B07}.Release|Any CPU.ActiveCfg = Release|Any CPU
		{73F2161E-4826-4AB2-B36A-B6D59BBF0B07}.Release|Any CPU.Build.0 = Release|Any CPU
		{FA0BA2D7-1BF3-423B-8941-1C3E55FCE57E}.Debug|Any CPU.ActiveCfg = Debug|Any CPU
		{FA0BA2D7-1BF3-423B-8941-1C3E55FCE57E}.Debug|Any CPU.Build.0 = Debug|Any CPU
		{FA0BA2D7-1BF3-423B-8941-1C3E55FCE57E}.Release|Any CPU.ActiveCfg = Release|Any CPU
		{FA0BA2D7-1BF3-423B-8941-1C3E55FCE57E}.Release|Any CPU.Build.0 = Release|Any CPU
	EndGlobalSection
	GlobalSection(SolutionProperties) = preSolution
		HideSolutionNode = FALSE
	EndGlobalSection
	GlobalSection(ExtensibilityGlobals) = postSolution
		SolutionGuid = {C6590B11-16D7-4800-AA81-3AEBDF27548A}
	EndGlobalSection
EndGlobal
